
Microsoft Visual Studio Solution File, Format Version 12.00
# Visual Studio 2012
Project("{FAE04EC0-301F-11D3-BF4B-00C04F79EFBC}") = "Chapter2", "Chapter2\Chapter2.csproj", "{90E67D29-36B4-4366-BF69-E514E0874AB6}"
EndProject
Project("{FAE04EC0-301F-11D3-BF4B-00C04F79EFBC}") = "Cash", "Cash\Cash.csproj", "{054EEA41-87AB-4E2E-9F15-C9E45694AA6D}"
EndProject
Global
	GlobalSection(SolutionConfigurationPlatforms) = preSolution
		Debug|Any CPU = Debug|Any CPU
		Release|Any CPU = Release|Any CPU
	EndGlobalSection
	GlobalSection(ProjectConfigurationPlatforms) = postSolution
		{90E67D29-36B4-4366-BF69-E514E0874AB6}.Debug|Any CPU.ActiveCfg = Debug|Any CPU
		{90E67D29-36B4-4366-BF69-E514E0874AB6}.Debug|Any CPU.Build.0 = Debug|Any CPU
		{90E67D29-36B4-4366-BF69-E514E0874AB6}.Release|Any CPU.ActiveCfg = Release|Any CPU
		{90E67D29-36B4-4366-BF69-E514E0874AB6}.Release|Any CPU.Build.0 = Release|Any CPU
		{054EEA41-87AB-4E2E-9F15-C9E45694AA6D}.Debug|Any CPU.ActiveCfg = Debug|Any CPU
		{054EEA41-87AB-4E2E-9F15-C9E45694AA6D}.Debug|Any CPU.Build.0 = Debug|Any CPU
		{054EEA41-87AB-4E2E-9F15-C9E45694AA6D}.Release|Any CPU.ActiveCfg = Release|Any CPU
		{054EEA41-87AB-4E2E-9F15-C9E45694AA6D}.Release|Any CPU.Build.0 = Release|Any CPU
	EndGlobalSection
	GlobalSection(SolutionProperties) = preSolution
		HideSolutionNode = FALSE
	EndGlobalSection
EndGlobal
