
Microsoft Visual Studio Solution File, Format Version 12.00
# Visual Studio 2012
Project("{FAE04EC0-301F-11D3-BF4B-00C04F79EFBC}") = "Chapter1", "Chapter1\Chapter1.csproj", "{E65A1F9C-8CF8-40C4-98BC-9B71F5974F3A}"
EndProject
Project("{FAE04EC0-301F-11D3-BF4B-00C04F79EFBC}") = "Operators", "..\Dll\Operators\Operators\Operators.csproj", "{234E846D-49A0-4545-86EF-20AFBAEAC8F7}"
EndProject
Global
	GlobalSection(SolutionConfigurationPlatforms) = preSolution
		Debug|Any CPU = Debug|Any CPU
		Release|Any CPU = Release|Any CPU
	EndGlobalSection
	GlobalSection(ProjectConfigurationPlatforms) = postSolution
		{E65A1F9C-8CF8-40C4-98BC-9B71F5974F3A}.Debug|Any CPU.ActiveCfg = Debug|Any CPU
		{E65A1F9C-8CF8-40C4-98BC-9B71F5974F3A}.Debug|Any CPU.Build.0 = Debug|Any CPU
		{E65A1F9C-8CF8-40C4-98BC-9B71F5974F3A}.Release|Any CPU.ActiveCfg = Release|Any CPU
		{E65A1F9C-8CF8-40C4-98BC-9B71F5974F3A}.Release|Any CPU.Build.0 = Release|Any CPU
		{234E846D-49A0-4545-86EF-20AFBAEAC8F7}.Debug|Any CPU.ActiveCfg = Debug|Any CPU
		{234E846D-49A0-4545-86EF-20AFBAEAC8F7}.Debug|Any CPU.Build.0 = Debug|Any CPU
		{234E846D-49A0-4545-86EF-20AFBAEAC8F7}.Release|Any CPU.ActiveCfg = Release|Any CPU
		{234E846D-49A0-4545-86EF-20AFBAEAC8F7}.Release|Any CPU.Build.0 = Release|Any CPU
	EndGlobalSection
	GlobalSection(SolutionProperties) = preSolution
		HideSolutionNode = FALSE
	EndGlobalSection
EndGlobal
